
Microsoft Visual Studio Solution File, Format Version 12.00
Project("{FAE04EC0-301F-11D3-BF4B-00C04F79EFBC}") = "LastfmConsoleApp", "LastfmConsoleApp\LastfmConsoleApp.csproj", "{A80B9839-B442-448F-93EA-564B5CF88FB8}"
EndProject
Project("{FAE04EC0-301F-11D3-BF4B-00C04F79EFBC}") = "IF.Lastfm.Core", "..\..\personal\lastfm\src\IF.Lastfm.Core\IF.Lastfm.Core.csproj", "{CA585097-64BA-4E36-895A-B26075171016}"
EndProject
Global
	GlobalSection(SolutionConfigurationPlatforms) = preSolution
		Debug|Any CPU = Debug|Any CPU
		Release|Any CPU = Release|Any CPU
	EndGlobalSection
	GlobalSection(ProjectConfigurationPlatforms) = postSolution
		{A80B9839-B442-448F-93EA-564B5CF88FB8}.Debug|Any CPU.ActiveCfg = Debug|Any CPU
		{A80B9839-B442-448F-93EA-564B5CF88FB8}.Debug|Any CPU.Build.0 = Debug|Any CPU
		{A80B9839-B442-448F-93EA-564B5CF88FB8}.Release|Any CPU.ActiveCfg = Release|Any CPU
		{A80B9839-B442-448F-93EA-564B5CF88FB8}.Release|Any CPU.Build.0 = Release|Any CPU
		{CA585097-64BA-4E36-895A-B26075171016}.Debug|Any CPU.ActiveCfg = Debug|Any CPU
		{CA585097-64BA-4E36-895A-B26075171016}.Debug|Any CPU.Build.0 = Debug|Any CPU
		{CA585097-64BA-4E36-895A-B26075171016}.Release|Any CPU.ActiveCfg = Release|Any CPU
		{CA585097-64BA-4E36-895A-B26075171016}.Release|Any CPU.Build.0 = Release|Any CPU
	EndGlobalSection
EndGlobal
